
Microsoft Visual Studio Solution File, Format Version 12.00
# Visual Studio 15
VisualStudioVersion = 15.0.28010.2046
MinimumVisualStudioVersion = 10.0.40219.1
Project("{FAE04EC0-301F-11D3-BF4B-00C04F79EFBC}") = "ConsoleApp1", "ConsoleApp1\ConsoleApp1.csproj", "{BE31CBAD-EC37-4774-AA27-6B1E511516F0}"
EndProject
Project("{FAE04EC0-301F-11D3-BF4B-00C04F79EFBC}") = "ConsoleApp1Library", "ConsoleApp1Library\ConsoleApp1Library.csproj", "{989E4061-7F0C-4A57-8084-ACBFB3AFFBD6}"
EndProject
Project("{FAE04EC0-301F-11D3-BF4B-00C04F79EFBC}") = "XUnitTestProject1", "XUnitTestProject1\XUnitTestProject1.csproj", "{EC36332E-678C-4CFE-B0DA-005666EFAD65}"
EndProject
Global
	GlobalSection(SolutionConfigurationPlatforms) = preSolution
		Debug|Any CPU = Debug|Any CPU
		Release|Any CPU = Release|Any CPU
	EndGlobalSection
	GlobalSection(ProjectConfigurationPlatforms) = postSolution
		{BE31CBAD-EC37-4774-AA27-6B1E511516F0}.Debug|Any CPU.ActiveCfg = Debug|Any CPU
		{BE31CBAD-EC37-4774-AA27-6B1E511516F0}.Debug|Any CPU.Build.0 = Debug|Any CPU
		{BE31CBAD-EC37-4774-AA27-6B1E511516F0}.Release|Any CPU.ActiveCfg = Release|Any CPU
		{BE31CBAD-EC37-4774-AA27-6B1E511516F0}.Release|Any CPU.Build.0 = Release|Any CPU
		{989E4061-7F0C-4A57-8084-ACBFB3AFFBD6}.Debug|Any CPU.ActiveCfg = Debug|Any CPU
		{989E4061-7F0C-4A57-8084-ACBFB3AFFBD6}.Debug|Any CPU.Build.0 = Debug|Any CPU
		{989E4061-7F0C-4A57-8084-ACBFB3AFFBD6}.Release|Any CPU.ActiveCfg = Release|Any CPU
		{989E4061-7F0C-4A57-8084-ACBFB3AFFBD6}.Release|Any CPU.Build.0 = Release|Any CPU
		{EC36332E-678C-4CFE-B0DA-005666EFAD65}.Debug|Any CPU.ActiveCfg = Debug|Any CPU
		{EC36332E-678C-4CFE-B0DA-005666EFAD65}.Debug|Any CPU.Build.0 = Debug|Any CPU
		{EC36332E-678C-4CFE-B0DA-005666EFAD65}.Release|Any CPU.ActiveCfg = Release|Any CPU
		{EC36332E-678C-4CFE-B0DA-005666EFAD65}.Release|Any CPU.Build.0 = Release|Any CPU
	EndGlobalSection
	GlobalSection(SolutionProperties) = preSolution
		HideSolutionNode = FALSE
	EndGlobalSection
	GlobalSection(ExtensibilityGlobals) = postSolution
		SolutionGuid = {9BA8989F-C160-418D-8705-0A3270D8113B}
	EndGlobalSection
EndGlobal
